Microsoft Visual Studio Solution File, Format Version 12.00
# Visual Studio Version 17
VisualStudioVersion = 17.14.37203.1 d17.14
MinimumVisualStudioVersion = 10.0.40219.1
Project("{FAE04EC0-301F-11D3-BF4B-00C04F79EFBC}") = "IgniteBossRush.Core", "src\IgniteBossRush.Core\IgniteBossRush.Core.csproj", "{1A4CC8F1-0001-4000-8000-000000000001}"
EndProject
Project("{FAE04EC0-301F-11D3-BF4B-00C04F79EFBC}") = "IgniteBossRush.Cli", "src\IgniteBossRush.Cli\IgniteBossRush.Cli.csproj", "{1A4CC8F1-0001-4000-8000-000000000002}"
EndProject
Project("{FAE04EC0-301F-11D3-BF4B-00C04F79EFBC}") = "IgniteBossRush.Gui", "src\IgniteBossRush.Gui\IgniteBossRush.Gui.csproj", "{1A4CC8F1-0001-4000-8000-000000000003}"
EndProject
Project("{FAE04EC0-301F-11D3-BF4B-00C04F79EFBC}") = "IgniteBossRush.Tests", "tests\IgniteBossRush.Tests\IgniteBossRush.Tests.csproj", "{1A4CC8F1-0001-4000-8000-000000000004}"
EndProject
Project("{FAE04EC0-301F-11D3-BF4B-00C04F79EFBC}") = "SoulsFormats", "dependencies\SoulsFormatsNEXT\SoulsFormats\SoulsFormats.csproj", "{A606AF94-FC9D-9066-F0A1-BB28FF0738EB}"
EndProject
Global
	GlobalSection(SolutionConfigurationPlatforms) = preSolution
		Debug|Any CPU = Debug|Any CPU
		Release|Any CPU = Release|Any CPU
	EndGlobalSection
	GlobalSection(ProjectConfigurationPlatforms) = postSolution
		{1A4CC8F1-0001-4000-8000-000000000001}.Debug|Any CPU.ActiveCfg = Debug|Any CPU
		{1A4CC8F1-0001-4000-8000-000000000001}.Debug|Any CPU.Build.0 = Debug|Any CPU
		{1A4CC8F1-0001-4000-8000-000000000001}.Release|Any CPU.ActiveCfg = Release|Any CPU
		{1A4CC8F1-0001-4000-8000-000000000001}.Release|Any CPU.Build.0 = Release|Any CPU
		{1A4CC8F1-0001-4000-8000-000000000002}.Debug|Any CPU.ActiveCfg = Debug|Any CPU
		{1A4CC8F1-0001-4000-8000-000000000002}.Debug|Any CPU.Build.0 = Debug|Any CPU
		{1A4CC8F1-0001-4000-8000-000000000002}.Release|Any CPU.ActiveCfg = Release|Any CPU
		{1A4CC8F1-0001-4000-8000-000000000002}.Release|Any CPU.Build.0 = Release|Any CPU
		{1A4CC8F1-0001-4000-8000-000000000003}.Debug|Any CPU.ActiveCfg = Debug|Any CPU
		{1A4CC8F1-0001-4000-8000-000000000003}.Debug|Any CPU.Build.0 = Debug|Any CPU
		{1A4CC8F1-0001-4000-8000-000000000003}.Release|Any CPU.ActiveCfg = Release|Any CPU
		{1A4CC8F1-0001-4000-8000-000000000003}.Release|Any CPU.Build.0 = Release|Any CPU
		{1A4CC8F1-0001-4000-8000-000000000004}.Debug|Any CPU.ActiveCfg = Debug|Any CPU
		{1A4CC8F1-0001-4000-8000-000000000004}.Debug|Any CPU.Build.0 = Debug|Any CPU
		{1A4CC8F1-0001-4000-8000-000000000004}.Release|Any CPU.ActiveCfg = Release|Any CPU
		{1A4CC8F1-0001-4000-8000-000000000004}.Release|Any CPU.Build.0 = Release|Any CPU
		{A606AF94-FC9D-9066-F0A1-BB28FF0738EB}.Debug|Any CPU.ActiveCfg = Debug|Any CPU
		{A606AF94-FC9D-9066-F0A1-BB28FF0738EB}.Debug|Any CPU.Build.0 = Debug|Any CPU
		{A606AF94-FC9D-9066-F0A1-BB28FF0738EB}.Release|Any CPU.ActiveCfg = Release|Any CPU
		{A606AF94-FC9D-9066-F0A1-BB28FF0738EB}.Release|Any CPU.Build.0 = Release|Any CPU
	EndGlobalSection
	GlobalSection(SolutionProperties) = preSolution
		HideSolutionNode = FALSE
	EndGlobalSection
EndGlobal
